Microsoft Visual Studio Solution File, Format Version 12.00
# Visual Studio Version 17
VisualStudioVersion = 17.5.2.0
MinimumVisualStudioVersion = 10.0.40219.1
Project("{FAE04EC0-301F-11D3-BF4B-00C04F79EFBC}") = "GitSith", "GitSith.csproj", "{7E0ECD00-2DF0-2032-87B1-06F728331EBC}"
EndProject
Global
	GlobalSection(SolutionConfigurationPlatforms) = preSolution
		Debug|Any CPU = Debug|Any CPU
		Release|Any CPU = Release|Any CPU
	EndGlobalSection
	GlobalSection(ProjectConfigurationPlatforms) = postSolution
		{7E0ECD00-2DF0-2032-87B1-06F728331EBC}.Debug|Any CPU.ActiveCfg = Debug|Any CPU
		{7E0ECD00-2DF0-2032-87B1-06F728331EBC}.Debug|Any CPU.Build.0 = Debug|Any CPU
		{7E0ECD00-2DF0-2032-87B1-06F728331EBC}.Release|Any CPU.ActiveCfg = Release|Any CPU
		{7E0ECD00-2DF0-2032-87B1-06F728331EBC}.Release|Any CPU.Build.0 = Release|Any CPU
	EndGlobalSection
	GlobalSection(SolutionProperties) = preSolution
		HideSolutionNode = FALSE
	EndGlobalSection
	GlobalSection(ExtensibilityGlobals) = postSolution
		SolutionGuid = {1C5DC13A-72E9-42A3-A9CC-60CAC30E3F3D}
	EndGlobalSection
EndGlobal
